
Microsoft Visual Studio Solution File, Format Version 12.00
# Visual Studio Version 17
VisualStudioVersion = 17.5.001.0
MinimumVisualStudioVersion = 10.0.40219.1
Project("{9A19103F-16F7-4668-BE54-9A1E7A4F7556}") = "Calcular_Media_Estoque", "Calcular_Media_Estoque.csproj", "{1715A0FF-95AC-4870-9C96-E09A866D4061}"
EndProject
Global
	GlobalSection(SolutionConfigurationPlatforms) = preSolution
		Debug|Any CPU = Debug|Any CPU
		Release|Any CPU = Release|Any CPU
	EndGlobalSection
	GlobalSection(ProjectConfigurationPlatforms) = postSolution
		{1715A0FF-95AC-4870-9C96-E09A866D4061}.Debug|Any CPU.ActiveCfg = Debug|Any CPU
		{1715A0FF-95AC-4870-9C96-E09A866D4061}.Debug|Any CPU.Build.0 = Debug|Any CPU
		{1715A0FF-95AC-4870-9C96-E09A866D4061}.Release|Any CPU.ActiveCfg = Release|Any CPU
		{1715A0FF-95AC-4870-9C96-E09A866D4061}.Release|Any CPU.Build.0 = Release|Any CPU
	EndGlobalSection
	GlobalSection(SolutionProperties) = preSolution
		HideSolutionNode = FALSE
	EndGlobalSection
	GlobalSection(ExtensibilityGlobals) = postSolution
		SolutionGuid = {3AA64EFF-4056-40B5-8BD0-0C9F9FFA61DD}
	EndGlobalSection
EndGlobal
